
Microsoft Visual Studio Solution File, Format Version 12.00
# Visual Studio 15
VisualStudioVersion = 15.0.27004.2009
MinimumVisualStudioVersion = 10.0.40219.1
Project("{FAE04EC0-301F-11D3-BF4B-00C04F79EFBC}") = "SocialTap.WEB", "SocialTap.WEB\SocialTap.WEB.csproj", "{03FC45AF-B60D-44E8-8B6F-764FFAB63C99}"
EndProject
Project("{FAE04EC0-301F-11D3-BF4B-00C04F79EFBC}") = "SocialTap.WEB.Tests", "SocialTap.WEB.Tests\SocialTap.WEB.Tests.csproj", "{565585D1-6348-44A3-B1CD-A62F554D2FE7}"
EndProject
Global
	GlobalSection(SolutionConfigurationPlatforms) = preSolution
		Debug|Any CPU = Debug|Any CPU
		Release|Any CPU = Release|Any CPU
	EndGlobalSection
	GlobalSection(ProjectConfigurationPlatforms) = postSolution
		{03FC45AF-B60D-44E8-8B6F-764FFAB63C99}.Debug|Any CPU.ActiveCfg = Debug|Any CPU
		{03FC45AF-B60D-44E8-8B6F-764FFAB63C99}.Debug|Any CPU.Build.0 = Debug|Any CPU
		{03FC45AF-B60D-44E8-8B6F-764FFAB63C99}.Release|Any CPU.ActiveCfg = Release|Any CPU
		{03FC45AF-B60D-44E8-8B6F-764FFAB63C99}.Release|Any CPU.Build.0 = Release|Any CPU
		{565585D1-6348-44A3-B1CD-A62F554D2FE7}.Debug|Any CPU.ActiveCfg = Debug|Any CPU
		{565585D1-6348-44A3-B1CD-A62F554D2FE7}.Debug|Any CPU.Build.0 = Debug|Any CPU
		{565585D1-6348-44A3-B1CD-A62F554D2FE7}.Release|Any CPU.ActiveCfg = Release|Any CPU
		{565585D1-6348-44A3-B1CD-A62F554D2FE7}.Release|Any CPU.Build.0 = Release|Any CPU
	EndGlobalSection
	GlobalSection(SolutionProperties) = preSolution
		HideSolutionNode = FALSE
	EndGlobalSection
	GlobalSection(ExtensibilityGlobals) = postSolution
		SolutionGuid = {72190953-2EA6-4A71-AA4E-B7521AE8363C}
	EndGlobalSection
EndGlobal
